// !$*UTF8*$!
{
	archiveVersion = 1;
	classes = {
	};
	objectVersion = 46;
	objects = {

/* Begin PBXBuildFile section */
		108566101CBB667200B603E2 /* AppDelegate.swift in Sources */ = {isa = PBXBuildFile; fileRef = 1085660F1CBB667200B603E2 /* AppDelegate.swift */; };
		108566121CBB667200B603E2 /* ViewController.swift in Sources */ = {isa = PBXBuildFile; fileRef = 108566111CBB667200B603E2 /* ViewController.swift */; };
		108566151CBB667200B603E2 /* Main.storyboard in Resources */ = {isa = PBXBuildFile; fileRef = 108566131CBB667200B603E2 /* Main.storyboard */; };
		108566171CBB667200B603E2 /* Assets.xcassets in Resources */ = {isa = PBXBuildFile; fileRef = 108566161CBB667200B603E2 /* Assets.xcassets */; };
		1085661A1CBB667300B603E2 /* LaunchScreen.storyboard in Resources */ = {isa = PBXBuildFile; fileRef = 108566181CBB667300B603E2 /* LaunchScreen.storyboard */; };
/* End PBXBuildFile section */

/* Begin PBXFileReference section */
		1085660C1CBB667200B603E2 /* PoyectoJuegoMemoria.app */ = {isa = PBXFileReference; explicitFileType = wrapper.application; includeInIndex = 0; name = PoyectoJuegoMemoria.app; path = "/Users/xrgerx/Desktop/Estudio_IOS/PoyectoJuegoMemoria/build/Debug-iphoneos/PoyectoJuegoMemoria.app"; sourceTree = "<absolute>"; };
		108566211CBB669E00B603E2 /* juegoDeMemoria.playground */ = {isa = PBXFileReference; lastKnownFileType = file.playground; path = juegoDeMemoria.playground; sourceTree = "<group>"; };
/* End PBXFileReference section */

/* Begin PBXFrameworksBuildPhase section */
		108566091CBB667200B603E2 /* Frameworks */ = {
			isa = PBXFrameworksBuildPhase;
			buildActionMask = 2147483647;
			files = (
			);
			runOnlyForDeploymentPostprocessing = 0;
		};
/* End PBXFrameworksBuildPhase section */

/* Begin PBXGroup section */
		108566031CBB667200B603E2 = {
			isa = PBXGroup;
			children = (
				108566211CBB669E00B603E2 /* juegoDeMemoria.playground */,
			);
			sourceTree = "<group>";
		};
/* End PBXGroup section */

/* Begin PBXNativeTarget section */
		1085660B1CBB667200B603E2 /* PoyectoJuegoMemoria */ = {
			isa = PBXNativeTarget;
			buildConfigurationList = 1085661E1CBB667300B603E2 /* Build configuration list for PBXNativeTarget "PoyectoJuegoMemoria" */;
			buildPhases = (
				108566081CBB667200B603E2 /* Sources */,
				108566091CBB667200B603E2 /* Frameworks */,
				1085660A1CBB667200B603E2 /* Resources */,
			);
			buildRules = (
			);
			dependencies = (
			);
			name = PoyectoJuegoMemoria;
			productName = PoyectoJuegoMemoria;
			productReference = 1085660C1CBB667200B603E2 /* PoyectoJuegoMemoria.app */;
			productType = "com.apple.product-type.application";
		};
/* End PBXNativeTarget section */

/* Begin PBXProject section */
		108566041CBB667200B603E2 /* Project object */ = {
			isa = PBXProject;
			attributes = {
				LastSwiftUpdateCheck = 0730;
				LastUpgradeCheck = 0730;
				ORGANIZATIONNAME = XrgerX;
				TargetAttributes = {
					1085660B1CBB667200B603E2 = {
						CreatedOnToolsVersion = 7.3;
					};
				};
			};
			buildConfigurationList = 108566071CBB667200B603E2 /* Build configuration list for PBXProject "PoyectoJuegoMemoria" */;
			compatibilityVersion = "Xcode 3.2";
			developmentRegion = English;
			hasScannedForEncodings = 0;
			knownRegions = (
				en,
				Base,
			);
			mainGroup = 108566031CBB667200B603E2;
			productRefGroup = 108566031CBB667200B603E2;
			projectDirPath = "";
			projectRoot = "";
			targets = (
				1085660B1CBB667200B603E2 /* PoyectoJuegoMemoria */,
			);
		};
/* End PBXProject section */

/* Begin PBXResourcesBuildPhase section */
		1085660A1CBB667200B603E2 /* Resources */ = {
			isa = PBXResourcesBuildPhase;
			buildActionMask = 2147483647;
			files = (
			);
			runOnlyForDeploymentPostprocessing = 0;
		};
/* End PBXResourcesBuildPhase section */

/* Begin PBXSourcesBuildPhase section */
		108566081CBB667200B603E2 /* Sources */ = {
			isa = PBXSourcesBuildPhase;
			buildActionMask = 2147483647;
			files = (
			);
			runOnlyForDeploymentPostprocessing = 0;
		};
/* End PBXSourcesBuildPhase section */

/* Begin XCBuildConfiguration section */
		1085661C1CBB667300B603E2 /* Debug */ = {
			isa = XCBuildConfiguration;
			buildSettings = {
				ALWAYS_SEARCH_USER_PATHS = NO;
				CLANG_ANALYZER_NONNULL = YES;
				CLANG_CXX_LANGUAGE_STANDARD = "gnu++0x";
				CLANG_CXX_LIBRARY = "libc++";
				CLANG_ENABLE_MODULES = YES;
				CLANG_ENABLE_OBJC_ARC = YES;
				CLANG_WARN_BOOL_CONVERSION = YES;
				CLANG_WARN_CONSTANT_CONVERSION = YES;
				CLANG_WARN_DIRECT_OBJC_ISA_USAGE = YES_ERROR;
				CLANG_WARN_EMPTY_BODY = YES;
				CLANG_WARN_ENUM_CONVERSION = YES;
				CLANG_WARN_INT_CONVERSION = YES;
				CLANG_WARN_OBJC_ROOT_CLASS = YES_ERROR;
				CLANG_WARN_UNREACHABLE_CODE = YES;
				CLANG_WARN__DUPLICATE_METHOD_MATCH = YES;
				"CODE_SIGN_IDENTITY[sdk=iphoneos*]" = "iPhone Developer";
				COPY_PHASE_STRIP = NO;
				DEBUG_INFORMATION_FORMAT = dwarf;
				ENABLE_STRICT_OBJC_MSGSEND = YES;
				ENABLE_TESTABILITY = YES;
				GCC_C_LANGUAGE_STANDARD = gnu99;
				GCC_DYNAMIC_NO_PIC = NO;
				GCC_NO_COMMON_BLOCKS = YES;
				GCC_OPTIMIZATION_LEVEL = 0;
				GCC_PREPROCESSOR_DEFINITIONS = (
					"DEBUG=1",
					"$(inherited)",
				);
				GCC_WARN_64_TO_32_BIT_CONVERSION = YES;
				GCC_WARN_ABOUT_RETURN_TYPE = YES_ERROR;
				GCC_WARN_UNDECLARED_SELECTOR = YES;
				GCC_WARN_UNINITIALIZED_AUTOS = YES_AGGRESSIVE;
				GCC_WARN_UNUSED_FUNCTION = YES;
				GCC_WARN_UNUSED_VARIABLE = YES;
				IPHONEOS_DEPLOYMENT_TARGET = 9.3;
				MTL_ENABLE_DEBUG_INFO = YES;
				ONLY_ACTIVE_ARCH = YES;
				SDKROOT = iphoneos;
				SWIFT_OPTIMIZATION_LEVEL = "-Onone";
			};
			name = Debug;
		};
		1085661D1CBB667300B603E2 /* Release */ = {
			isa = XCBuildConfiguration;
			buildSettings = {
				ALWAYS_SEARCH_USER_PATHS = NO;
				CLANG_ANALYZER_NONNULL = YES;
				CLANG_CXX_LANGUAGE_STANDARD = "gnu++0x";
				CLANG_CXX_LIBRARY = "libc++";
				CLANG_ENABLE_MODULES = YES;
				CLANG_ENABLE_OBJC_ARC = YES;
				CLANG_WARN_BOOL_CONVERSION = YES;
				CLANG_WARN_CONSTANT_CONVERSION = YES;
				CLANG_WARN_DIRECT_OBJC_ISA_USAGE = YES_ERROR;
				CLANG_WARN_EMPTY_BODY = YES;
				CLANG_WARN_ENUM_CONVERSION = YES;
				CLANG_WARN_INT_CONVERSION = YES;
				CLANG_WARN_OBJC_ROOT_CLASS = YES_ERROR;
				CLANG_WARN_UNREACHABLE_CODE = YES;
				CLANG_WARN__DUPLICATE_METHOD_MATCH = YES;
				"CODE_SIGN_IDENTITY[sdk=iphoneos*]" = "iPhone Developer";
				COPY_PHASE_STRIP = NO;
				DEBUG_INFORMATION_FORMAT = "dwarf-with-dsym";
				ENABLE_NS_ASSERTIONS = NO;
				ENABLE_STRICT_OBJC_MSGSEND = YES;
				GCC_C_LANGUAGE_STANDARD = gnu99;
				GCC_NO_COMMON_BLOCKS = YES;
				GCC_WARN_64_TO_32_BIT_CONVERSION = YES;
				GCC_WARN_ABOUT_RETURN_TYPE = YES_ERROR;
				GCC_WARN_UNDECLARED_SELECTOR = YES;
				GCC_WARN_UNINITIALIZED_AUTOS = YES_AGGRESSIVE;
				GCC_WARN_UNUSED_FUNCTION = YES;
				GCC_WARN_UNUSED_VARIABLE = YES;
				IPHONEOS_DEPLOYMENT_TARGET = 9.3;
				MTL_ENABLE_DEBUG_INFO = NO;
				SDKROOT = iphoneos;
				VALIDATE_PRODUCT = YES;
			};
			name = Release;
		};
		1085661F1CBB667300B603E2 /* Debug */ = {
			isa = XCBuildConfiguration;
			buildSettings = {
				ASSETCATALOG_COMPILER_APPICON_NAME = AppIcon;
				INFOPLIST_FILE = PoyectoJuegoMemoria/Info.plist;
				LD_RUNPATH_SEARCH_PATHS = "$(inherited) @executable_path/Frameworks";
				PRODUCT_BUNDLE_IDENTIFIER = Idigital.PoyectoJuegoMemoria;
				PRODUCT_NAME = "$(TARGET_NAME)";
			};
			name = Debug;
		};
		108566201CBB667300B603E2 /* Release */ = {
			isa = XCBuildConfiguration;
			buildSettings = {
				ASSETCATALOG_COMPILER_APPICON_NAME = AppIcon;
				INFOPLIST_FILE = PoyectoJuegoMemoria/Info.plist;
				LD_RUNPATH_SEARCH_PATHS = "$(inherited) @executable_path/Frameworks";
				PRODUCT_BUNDLE_IDENTIFIER = Idigital.PoyectoJuegoMemoria;
				PRODUCT_NAME = "$(TARGET_NAME)";
			};
			name = Release;
		};
/* End XCBuildConfiguration section */

/* Begin XCConfigurationList section */
		108566071CBB667200B603E2 /* Build configuration list for PBXProject "PoyectoJuegoMemoria" */ = {
			isa = XCConfigurationList;
			buildConfigurations = (
				1085661C1CBB667300B603E2 /* Debug */,
				1085661D1CBB667300B603E2 /* Release */,
			);
			defaultConfigurationIsVisible = 0;
			defaultConfigurationName = Release;
		};
		1085661E1CBB667300B603E2 /* Build configuration list for PBXNativeTarget "PoyectoJuegoMemoria" */ = {
			isa = XCConfigurationList;
			buildConfigurations = (
				1085661F1CBB667300B603E2 /* Debug */,
				108566201CBB667300B603E2 /* Release */,
			);
			defaultConfigurationIsVisible = 0;
		};
/* End XCConfigurationList section */
	};
	rootObject = 108566041CBB667200B603E2 /* Project object */;
}
